// !$*UTF8*$!
{
	archiveVersion = 1;
	classes = {
	};
	objectVersion = 56;
	objects = {

/* Begin PBXBuildFile section */
		AA50001200000001 /* Speech.framework in Frameworks (iOS) */ = {isa = PBXBuildFile; fileRef = AA50001100000001; };
		AA50001300000001 /* Speech.framework in Frameworks (Watch) */ = {isa = PBXBuildFile; fileRef = AA50001100000001; };
		AA40001300000001 /* SpeechManager.swift in Sources (Watch) */ = {isa = PBXBuildFile; fileRef = AA40001100000001 /* SpeechManager.swift */; };
		AA40001200000001 /* SpeechManager.swift in Sources */ = {isa = PBXBuildFile; fileRef = AA40001100000001 /* SpeechManager.swift */; };
		AA40002200000001 /* AIGoalAssistant.swift in Sources */ = {isa = PBXBuildFile; fileRef = AA40002100000001 /* AIGoalAssistant.swift */; };
		AA40003200000001 /* AIAssistantOverlay.swift in Sources */ = {isa = PBXBuildFile; fileRef = AA40003100000001 /* AIAssistantOverlay.swift */; };
		AA40004200000001 /* WatchAIButton.swift in Sources (Watch) */ = {isa = PBXBuildFile; fileRef = AA40004100000001 /* WatchAIButton.swift */; };
		AA30001200000001 /* WatchConnector.swift in Sources */ = {isa = PBXBuildFile; fileRef = AA30001100000001 /* WatchConnector.swift */; };
		AA30002200000001 /* WatchDataStore.swift in Sources */ = {isa = PBXBuildFile; fileRef = AA30002100000001 /* WatchDataStore.swift */; };
		AA20001200000001 /* WatchConnectivity.framework in Frameworks (iOS) */ = {isa = PBXBuildFile; fileRef = AA20001100000001 /* WatchConnectivity.framework */; };
		AA20001300000001 /* WatchConnectivity.framework in Frameworks (Watch) */ = {isa = PBXBuildFile; fileRef = AA20001100000001 /* WatchConnectivity.framework */; };
		AA10001300000001 /* AppColors.swift in Sources (Watch) */ = {isa = PBXBuildFile; fileRef = AA10001100000001 /* AppColors.swift */; };
		AA10001200000001 /* AppColors.swift in Sources */ = {isa = PBXBuildFile; fileRef = AA10001100000001 /* AppColors.swift */; };
		BB0000000000000000000001 /* Goal.swift in Sources */ = {isa = PBXBuildFile; fileRef = AA0000000000000000000001 /* Goal.swift */; };
		BB0000000000000000000002 /* GoalWheelView.swift in Sources */ = {isa = PBXBuildFile; fileRef = AA0000000000000000000002 /* GoalWheelView.swift */; };
		BB0000000000000000000003 /* EquilibriumApp.swift in Sources */ = {isa = PBXBuildFile; fileRef = AA0000000000000000000003 /* EquilibriumApp.swift */; };
		BB0000000000000000000004 /* ContentView.swift in Sources */ = {isa = PBXBuildFile; fileRef = AA0000000000000000000004 /* ContentView.swift */; };
		BB0000000000000000000005 /* Assets.xcassets in Resources */ = {isa = PBXBuildFile; fileRef = AA0000000000000000000005 /* Assets.xcassets */; };
		BB0000000000000000000006 /* Goal.swift in Sources */ = {isa = PBXBuildFile; fileRef = AA0000000000000000000001 /* Goal.swift */; };
		BB0000000000000000000007 /* GoalWheelView.swift in Sources */ = {isa = PBXBuildFile; fileRef = AA0000000000000000000002 /* GoalWheelView.swift */; };
		BB0000000000000000000008 /* EquilibriumWatchApp.swift in Sources */ = {isa = PBXBuildFile; fileRef = AA0000000000000000000006 /* EquilibriumWatchApp.swift */; };
		BB0000000000000000000009 /* WatchContentView.swift in Sources */ = {isa = PBXBuildFile; fileRef = AA0000000000000000000007 /* WatchContentView.swift */; };
		BB000000000000000000000A /* Assets.xcassets in Resources */ = {isa = PBXBuildFile; fileRef = AA0000000000000000000008 /* Assets.xcassets */; };
		BB000000000000000000000B /* Equilibrium Watch App.app in Embed Watch Content */ = {isa = PBXBuildFile; fileRef = AA000000000000000000000A /* Equilibrium Watch App.app */; settings = {ATTRIBUTES = (RemoveHeadersOnCopy, ); }; };
		BB000000000000000000000C /* GoalDetailView.swift in Sources */ = {isa = PBXBuildFile; fileRef = AA000000000000000000000B /* GoalDetailView.swift */; };
		BB000000000000000000000D /* LifeGoal.swift in Sources */ = {isa = PBXBuildFile; fileRef = AA000000000000000000000C /* LifeGoal.swift */; };
		BB000000000000000000000E /* LifeGoalDetailView.swift in Sources */ = {isa = PBXBuildFile; fileRef = AA000000000000000000000D /* LifeGoalDetailView.swift */; };
		BB000000000000000000000F /* LifeGoal.swift in Sources */ = {isa = PBXBuildFile; fileRef = AA000000000000000000000C /* LifeGoal.swift */; };
		BB0000000000000000000010 /* ProfileView.swift in Sources */ = {isa = PBXBuildFile; fileRef = AA000000000000000000000E /* ProfileView.swift */; };
		BB0000000000000000000011 /* DataStore.swift in Sources */ = {isa = PBXBuildFile; fileRef = AA000000000000000000000F /* DataStore.swift */; };
		BB0000000000000000000012 /* SupabaseClient.swift in Sources */ = {isa = PBXBuildFile; fileRef = AA0000000000000000000010 /* SupabaseClient.swift */; };
		BB0000000000000000000013 /* AuthManager.swift in Sources */ = {isa = PBXBuildFile; fileRef = AA0000000000000000000011 /* AuthManager.swift */; };
		BB0000000000000000000014 /* AuthView.swift in Sources */ = {isa = PBXBuildFile; fileRef = AA0000000000000000000012 /* AuthView.swift */; };
		BB0000000000000000000015 /* Supabase in Frameworks */ = {isa = PBXBuildFile; productRef = SS0000000000000000000002 /* Supabase */; };
		BB0000000000000000000016 /* HealthKit.framework in Frameworks */ = {isa = PBXBuildFile; fileRef = AA0000000000000000000015 /* HealthKit.framework */; };
		BB0000000000000000000017 /* HealthKitManager.swift in Sources */ = {isa = PBXBuildFile; fileRef = AA0000000000000000000016 /* HealthKitManager.swift */; };
		BB0000000000000000000018 /* HealthImportView.swift in Sources */ = {isa = PBXBuildFile; fileRef = AA0000000000000000000017 /* HealthImportView.swift */; };
		BB0000000000000000000019 /* OnboardingView.swift in Sources */ = {isa = PBXBuildFile; fileRef = AA0000000000000000000018 /* OnboardingView.swift */; };
		BB000000000000000000001A /* AddGoalSheet.swift in Sources */ = {isa = PBXBuildFile; fileRef = AA0000000000000000000019 /* AddGoalSheet.swift */; };
/* End PBXBuildFile section */

/* Begin PBXContainerItemProxy section */
		HH0000000000000000000001 /* PBXContainerItemProxy */ = {
			isa = PBXContainerItemProxy;
			containerPortal = PP0000000000000000000001 /* Project object */;
			proxyType = 1;
			remoteGlobalIDString = EE0000000000000000000002;
			remoteInfo = "Equilibrium Watch App";
		};
/* End PBXContainerItemProxy section */

/* Begin PBXCopyFilesBuildPhase section */
		CC0000000000000000000004 /* Embed Watch Content */ = {
			isa = PBXCopyFilesBuildPhase;
			buildActionMask = 2147483647;
			dstPath = "$(CONTENTS_FOLDER_PATH)/Watch";
			dstSubfolderSpec = 16;
			files = (
				BB000000000000000000000B /* Equilibrium Watch App.app in Embed Watch Content */,
			);
			name = "Embed Watch Content";
			runOnlyForDeploymentPostprocessing = 0;
		};
/* End PBXCopyFilesBuildPhase section */

/* Begin PBXFileReference section */
		AA50001100000001 /* Speech.framework */ = {isa = PBXFileReference; lastKnownFileType = wrapper.framework; name = Speech.framework; path = System/Library/Frameworks/Speech.framework; sourceTree = SDKROOT; };
		AA40001100000001 /* SpeechManager.swift */ = {isa = PBXFileReference; lastKnownFileType = sourcecode.swift; path = SpeechManager.swift; sourceTree = "<group>"; };
		AA40002100000001 /* AIGoalAssistant.swift */ = {isa = PBXFileReference; lastKnownFileType = sourcecode.swift; path = AIGoalAssistant.swift; sourceTree = "<group>"; };
		AA40003100000001 /* AIAssistantOverlay.swift */ = {isa = PBXFileReference; lastKnownFileType = sourcecode.swift; path = AIAssistantOverlay.swift; sourceTree = "<group>"; };
		AA40004100000001 /* WatchAIButton.swift */ = {isa = PBXFileReference; lastKnownFileType = sourcecode.swift; path = WatchAIButton.swift; sourceTree = "<group>"; };
		AA30001100000001 /* WatchConnector.swift */ = {isa = PBXFileReference; lastKnownFileType = sourcecode.swift; path = WatchConnector.swift; sourceTree = "<group>"; };
		AA30002100000001 /* WatchDataStore.swift */ = {isa = PBXFileReference; lastKnownFileType = sourcecode.swift; path = WatchDataStore.swift; sourceTree = "<group>"; };
		AA20001100000001 /* WatchConnectivity.framework */ = {isa = PBXFileReference; lastKnownFileType = wrapper.framework; name = WatchConnectivity.framework; path = System/Library/Frameworks/WatchConnectivity.framework; sourceTree = SDKROOT; };
		AA10001100000001 /* AppColors.swift */ = {isa = PBXFileReference; lastKnownFileType = sourcecode.swift; path = AppColors.swift; sourceTree = "<group>"; };
		612E48252FE23FFF00909F34 /* Equilibrium Watch App.entitlements */ = {isa = PBXFileReference; lastKnownFileType = text.plist.entitlements; path = "Equilibrium Watch App.entitlements"; sourceTree = "<group>"; };
		AA0000000000000000000001 /* Goal.swift */ = {isa = PBXFileReference; lastKnownFileType = sourcecode.swift; path = Goal.swift; sourceTree = "<group>"; };
		AA0000000000000000000002 /* GoalWheelView.swift */ = {isa = PBXFileReference; lastKnownFileType = sourcecode.swift; path = GoalWheelView.swift; sourceTree = "<group>"; };
		AA0000000000000000000003 /* EquilibriumApp.swift */ = {isa = PBXFileReference; lastKnownFileType = sourcecode.swift; path = EquilibriumApp.swift; sourceTree = "<group>"; };
		AA0000000000000000000004 /* ContentView.swift */ = {isa = PBXFileReference; lastKnownFileType = sourcecode.swift; path = ContentView.swift; sourceTree = "<group>"; };
		AA0000000000000000000005 /* Assets.xcassets */ = {isa = PBXFileReference; lastKnownFileType = folder.assetcatalog; path = Assets.xcassets; sourceTree = "<group>"; };
		AA0000000000000000000006 /* EquilibriumWatchApp.swift */ = {isa = PBXFileReference; lastKnownFileType = sourcecode.swift; path = EquilibriumWatchApp.swift; sourceTree = "<group>"; };
		AA0000000000000000000007 /* WatchContentView.swift */ = {isa = PBXFileReference; lastKnownFileType = sourcecode.swift; path = WatchContentView.swift; sourceTree = "<group>"; };
		AA0000000000000000000008 /* Assets.xcassets */ = {isa = PBXFileReference; lastKnownFileType = folder.assetcatalog; path = Assets.xcassets; sourceTree = "<group>"; };
		AA0000000000000000000009 /* Equilibrium.app */ = {isa = PBXFileReference; explicitFileType = wrapper.application; includeInIndex = 0; path = Equilibrium.app; sourceTree = BUILT_PRODUCTS_DIR; };
		AA000000000000000000000A /* Equilibrium Watch App.app */ = {isa = PBXFileReference; explicitFileType = wrapper.application; includeInIndex = 0; path = "Equilibrium Watch App.app"; sourceTree = BUILT_PRODUCTS_DIR; };
		AA000000000000000000000B /* GoalDetailView.swift */ = {isa = PBXFileReference; lastKnownFileType = sourcecode.swift; path = GoalDetailView.swift; sourceTree = "<group>"; };
		AA000000000000000000000C /* LifeGoal.swift */ = {isa = PBXFileReference; lastKnownFileType = sourcecode.swift; path = LifeGoal.swift; sourceTree = "<group>"; };
		AA000000000000000000000D /* LifeGoalDetailView.swift */ = {isa = PBXFileReference; lastKnownFileType = sourcecode.swift; path = LifeGoalDetailView.swift; sourceTree = "<group>"; };
		AA000000000000000000000E /* ProfileView.swift */ = {isa = PBXFileReference; lastKnownFileType = sourcecode.swift; path = ProfileView.swift; sourceTree = "<group>"; };
		AA000000000000000000000F /* DataStore.swift */ = {isa = PBXFileReference; lastKnownFileType = sourcecode.swift; path = DataStore.swift; sourceTree = "<group>"; };
		AA0000000000000000000010 /* SupabaseClient.swift */ = {isa = PBXFileReference; lastKnownFileType = sourcecode.swift; path = SupabaseClient.swift; sourceTree = "<group>"; };
		AA0000000000000000000011 /* AuthManager.swift */ = {isa = PBXFileReference; lastKnownFileType = sourcecode.swift; path = AuthManager.swift; sourceTree = "<group>"; };
		AA0000000000000000000012 /* AuthView.swift */ = {isa = PBXFileReference; lastKnownFileType = sourcecode.swift; path = AuthView.swift; sourceTree = "<group>"; };
		AA0000000000000000000013 /* Info.plist */ = {isa = PBXFileReference; lastKnownFileType = text.plist.xml; path = Info.plist; sourceTree = "<group>"; };
		AA0000000000000000000014 /* Equilibrium.entitlements */ = {isa = PBXFileReference; lastKnownFileType = text.plist.entitlements; path = Equilibrium.entitlements; sourceTree = "<group>"; };
		AA0000000000000000000015 /* HealthKit.framework */ = {isa = PBXFileReference; lastKnownFileType = wrapper.framework; name = HealthKit.framework; path = System/Library/Frameworks/HealthKit.framework; sourceTree = SDKROOT; };
		AA0000000000000000000016 /* HealthKitManager.swift */ = {isa = PBXFileReference; lastKnownFileType = sourcecode.swift; path = HealthKitManager.swift; sourceTree = "<group>"; };
		AA0000000000000000000017 /* HealthImportView.swift */ = {isa = PBXFileReference; lastKnownFileType = sourcecode.swift; path = HealthImportView.swift; sourceTree = "<group>"; };
		AA0000000000000000000018 /* OnboardingView.swift */ = {isa = PBXFileReference; lastKnownFileType = sourcecode.swift; path = OnboardingView.swift; sourceTree = "<group>"; };
		AA0000000000000000000019 /* AddGoalSheet.swift */ = {isa = PBXFileReference; lastKnownFileType = sourcecode.swift; path = AddGoalSheet.swift; sourceTree = "<group>"; };
/* End PBXFileReference section */

/* Begin PBXFrameworksBuildPhase section */
		CC0000000000000000000002 /* Frameworks */ = {
			isa = PBXFrameworksBuildPhase;
			buildActionMask = 2147483647;
			files = (
				BB0000000000000000000015 /* Supabase in Frameworks */,
				BB0000000000000000000016 /* HealthKit.framework in Frameworks */,
				AA20001200000001 /* WatchConnectivity.framework in Frameworks (iOS) */,
				AA50001200000001 /* Speech.framework in Frameworks (iOS) */,
			);
			runOnlyForDeploymentPostprocessing = 0;
		};
		CC0000000000000000000006 /* Frameworks */ = {
			isa = PBXFrameworksBuildPhase;
			buildActionMask = 2147483647;
			files = (
				AA20001300000001 /* WatchConnectivity.framework in Frameworks (Watch) */,
			);
			runOnlyForDeploymentPostprocessing = 0;
		};
/* End PBXFrameworksBuildPhase section */

/* Begin PBXGroup section */
		612E48242FE23F9700909F34 /* Recovered References */ = {
			isa = PBXGroup;
			children = (
				AA0000000000000000000015 /* HealthKit.framework */,
				AA20001100000001 /* WatchConnectivity.framework */,
				AA50001100000001 /* Speech.framework */,
			);
			name = "Recovered References";
			sourceTree = "<group>";
		};
		DD0000000000000000000001 = {
			isa = PBXGroup;
			children = (
				DD0000000000000000000002 /* Equilibrium */,
				DD0000000000000000000003 /* Equilibrium Watch App */,
				DD0000000000000000000004 /* Products */,
				612E48242FE23F9700909F34 /* Recovered References */,
			);
			sourceTree = "<group>";
		};
		DD0000000000000000000002 /* Equilibrium */ = {
			isa = PBXGroup;
			children = (
				AA0000000000000000000001 /* Goal.swift */,
				AA000000000000000000000C /* LifeGoal.swift */,
				AA0000000000000000000002 /* GoalWheelView.swift */,
				AA0000000000000000000003 /* EquilibriumApp.swift */,
				AA0000000000000000000004 /* ContentView.swift */,
				AA000000000000000000000B /* GoalDetailView.swift */,
				AA000000000000000000000D /* LifeGoalDetailView.swift */,
				AA000000000000000000000E /* ProfileView.swift */,
				AA000000000000000000000F /* DataStore.swift */,
				AA0000000000000000000010 /* SupabaseClient.swift */,
				AA0000000000000000000011 /* AuthManager.swift */,
				AA0000000000000000000012 /* AuthView.swift */,
				AA0000000000000000000013 /* Info.plist */,
				AA0000000000000000000014 /* Equilibrium.entitlements */,
				AA0000000000000000000016 /* HealthKitManager.swift */,
				AA0000000000000000000017 /* HealthImportView.swift */,
			AA0000000000000000000018 /* OnboardingView.swift */,
			AA0000000000000000000019 /* AddGoalSheet.swift */,
				AA10001100000001 /* AppColors.swift */,
				AA40001100000001 /* SpeechManager.swift */,
				AA40002100000001 /* AIGoalAssistant.swift */,
				AA40003100000001 /* AIAssistantOverlay.swift */,
				AA30001100000001 /* WatchConnector.swift */,
			AA0000000000000000000005 /* Assets.xcassets */,
			);
			path = Equilibrium;
			sourceTree = "<group>";
		};
		DD0000000000000000000003 /* Equilibrium Watch App */ = {
			isa = PBXGroup;
			children = (
				612E48252FE23FFF00909F34 /* Equilibrium Watch App.entitlements */,
				AA0000000000000000000006 /* EquilibriumWatchApp.swift */,
				AA40004100000001 /* WatchAIButton.swift */,
				AA30002100000001 /* WatchDataStore.swift */,
				AA0000000000000000000007 /* WatchContentView.swift */,
				AA0000000000000000000008 /* Assets.xcassets */,
			);
			path = "Equilibrium Watch App";
			sourceTree = "<group>";
		};
		DD0000000000000000000004 /* Products */ = {
			isa = PBXGroup;
			children = (
				AA0000000000000000000009 /* Equilibrium.app */,
				AA000000000000000000000A /* Equilibrium Watch App.app */,
			);
			name = Products;
			sourceTree = "<group>";
		};
/* End PBXGroup section */

/* Begin PBXNativeTarget section */
		EE0000000000000000000001 /* Equilibrium */ = {
			isa = PBXNativeTarget;
			buildConfigurationList = GG0000000000000000000002 /* Build configuration list for PBXNativeTarget "Equilibrium" */;
			buildPhases = (
				CC0000000000000000000001 /* Sources */,
				CC0000000000000000000002 /* Frameworks */,
				CC0000000000000000000003 /* Resources */,
				CC0000000000000000000004 /* Embed Watch Content */,
			);
			buildRules = (
			);
			dependencies = (
				HH0000000000000000000002 /* PBXTargetDependency */,
			);
			name = Equilibrium;
			packageProductDependencies = (
				SS0000000000000000000002 /* Supabase */,
			);
			productName = Equilibrium;
			productReference = AA0000000000000000000009 /* Equilibrium.app */;
			productType = "com.apple.product-type.application";
		};
		EE0000000000000000000002 /* Equilibrium Watch App */ = {
			isa = PBXNativeTarget;
			buildConfigurationList = GG0000000000000000000003 /* Build configuration list for PBXNativeTarget "Equilibrium Watch App" */;
			buildPhases = (
				CC0000000000000000000005 /* Sources */,
				CC0000000000000000000006 /* Frameworks */,
				CC0000000000000000000007 /* Resources */,
			);
			buildRules = (
			);
			dependencies = (
			);
			name = "Equilibrium Watch App";
			productName = "Equilibrium Watch App";
			productReference = AA000000000000000000000A /* Equilibrium Watch App.app */;
			productType = "com.apple.product-type.application";
		};
/* End PBXNativeTarget section */

/* Begin PBXProject section */
		PP0000000000000000000001 /* Project object */ = {
			isa = PBXProject;
			attributes = {
				BuildIndependentTargetsInParallel = 1;
				LastSwiftUpdateCheck = 1500;
				LastUpgradeCheck = 1500;
				TargetAttributes = {
					EE0000000000000000000001 = {
						CreatedOnToolsVersion = 15.0;
					};
					EE0000000000000000000002 = {
						CreatedOnToolsVersion = 15.0;
					};
				};
			};
			buildConfigurationList = GG0000000000000000000001 /* Build configuration list for PBXProject "Equilibrium" */;
			compatibilityVersion = "Xcode 14.0";
			developmentRegion = en;
			hasScannedForEncodings = 0;
			knownRegions = (
				en,
				Base,
			);
			mainGroup = DD0000000000000000000001;
			packageReferences = (
				SS0000000000000000000001 /* XCRemoteSwiftPackageReference "supabase-swift" */,
			);
			productRefGroup = DD0000000000000000000004 /* Products */;
			projectDirPath = "";
			projectRoot = "";
			targets = (
				EE0000000000000000000001 /* Equilibrium */,
				EE0000000000000000000002 /* Equilibrium Watch App */,
			);
		};
/* End PBXProject section */

/* Begin PBXResourcesBuildPhase section */
		CC0000000000000000000003 /* Resources */ = {
			isa = PBXResourcesBuildPhase;
			buildActionMask = 2147483647;
			files = (
				BB0000000000000000000005 /* Assets.xcassets in Resources */,
			);
			runOnlyForDeploymentPostprocessing = 0;
		};
		CC0000000000000000000007 /* Resources */ = {
			isa = PBXResourcesBuildPhase;
			buildActionMask = 2147483647;
			files = (
				BB000000000000000000000A /* Assets.xcassets in Resources */,
			);
			runOnlyForDeploymentPostprocessing = 0;
		};
/* End PBXResourcesBuildPhase section */

/* Begin PBXSourcesBuildPhase section */
		CC0000000000000000000001 /* Sources */ = {
			isa = PBXSourcesBuildPhase;
			buildActionMask = 2147483647;
			files = (
				BB0000000000000000000001 /* Goal.swift in Sources */,
				BB000000000000000000000D /* LifeGoal.swift in Sources */,
				BB0000000000000000000002 /* GoalWheelView.swift in Sources */,
				BB0000000000000000000003 /* EquilibriumApp.swift in Sources */,
				BB0000000000000000000004 /* ContentView.swift in Sources */,
				BB000000000000000000000C /* GoalDetailView.swift in Sources */,
				BB000000000000000000000E /* LifeGoalDetailView.swift in Sources */,
				BB0000000000000000000010 /* ProfileView.swift in Sources */,
				BB0000000000000000000011 /* DataStore.swift in Sources */,
				BB0000000000000000000012 /* SupabaseClient.swift in Sources */,
				BB0000000000000000000013 /* AuthManager.swift in Sources */,
				BB0000000000000000000014 /* AuthView.swift in Sources */,
				BB0000000000000000000017 /* HealthKitManager.swift in Sources */,
				BB0000000000000000000018 /* HealthImportView.swift in Sources */,
				BB0000000000000000000019 /* OnboardingView.swift in Sources */,
			BB000000000000000000001A /* AddGoalSheet.swift in Sources */,
				AA10001200000001 /* AppColors.swift in Sources */,
				AA40001200000001 /* SpeechManager.swift in Sources */,
				AA40002200000001 /* AIGoalAssistant.swift in Sources */,
				AA40003200000001 /* AIAssistantOverlay.swift in Sources */,
				AA30001200000001 /* WatchConnector.swift in Sources */,
			);
			runOnlyForDeploymentPostprocessing = 0;
		};
		CC0000000000000000000005 /* Sources */ = {
			isa = PBXSourcesBuildPhase;
			buildActionMask = 2147483647;
			files = (
				BB0000000000000000000006 /* Goal.swift in Sources */,
				BB000000000000000000000F /* LifeGoal.swift in Sources */,
				BB0000000000000000000007 /* GoalWheelView.swift in Sources */,
				BB0000000000000000000008 /* EquilibriumWatchApp.swift in Sources */,
				AA10001300000001 /* AppColors.swift in Sources (Watch) */,
				AA30002200000001 /* WatchDataStore.swift in Sources */,
				AA40004200000001 /* WatchAIButton.swift in Sources (Watch) */,
				BB0000000000000000000009 /* WatchContentView.swift in Sources */,
			);
			runOnlyForDeploymentPostprocessing = 0;
		};
/* End PBXSourcesBuildPhase section */

/* Begin PBXTargetDependency section */
		HH0000000000000000000002 /* PBXTargetDependency */ = {
			isa = PBXTargetDependency;
			target = EE0000000000000000000002 /* Equilibrium Watch App */;
			targetProxy = HH0000000000000000000001 /* PBXContainerItemProxy */;
		};
/* End PBXTargetDependency section */

/* Begin XCBuildConfiguration section */
		FF0000000000000000000001 /* Debug */ = {
			isa = XCBuildConfiguration;
			buildSettings = {
				ALWAYS_SEARCH_USER_PATHS = NO;
				CLANG_ANALYZER_NONNULL = YES;
				CLANG_ANALYZER_NUMBER_OBJECT_CONVERSION = YES_AGGRESSIVE;
				CLANG_CXX_LANGUAGE_STANDARD = "gnu++20";
				CLANG_ENABLE_MODULES = YES;
				CLANG_ENABLE_OBJC_ARC = YES;
				CLANG_ENABLE_OBJC_WEAK = YES;
				CLANG_WARN_BLOCK_CAPTURE_AUTORELEASING = YES;
				CLANG_WARN_BOOL_CONVERSION = YES;
				CLANG_WARN_COMMA = YES;
				CLANG_WARN_CONSTANT_CONVERSION = YES;
				CLANG_WARN_DEPRECATED_OBJC_IMPLEMENTATIONS = YES;
				CLANG_WARN_DIRECT_OBJC_ISA_USAGE = YES_ERROR;
				CLANG_WARN_DOCUMENTATION_COMMENTS = YES;
				CLANG_WARN_EMPTY_BODY = YES;
				CLANG_WARN_ENUM_CONVERSION = YES;
				CLANG_WARN_INFINITE_RECURSION = YES;
				CLANG_WARN_INT_CONVERSION = YES;
				CLANG_WARN_NON_LITERAL_NULL_CONVERSION = YES;
				CLANG_WARN_OBJC_IMPLICIT_RETAIN_SELF = YES;
				CLANG_WARN_OBJC_LITERAL_CONVERSION = YES;
				CLANG_WARN_OBJC_ROOT_CLASS = YES_ERROR;
				CLANG_WARN_QUOTED_INCLUDE_IN_FRAMEWORK_HEADER = YES;
				CLANG_WARN_RANGE_LOOP_ANALYSIS = YES;
				CLANG_WARN_STRICT_PROTOTYPES = YES;
				CLANG_WARN_SUSPICIOUS_MOVE = YES;
				CLANG_WARN_UNGUARDED_AVAILABILITY = YES_AGGRESSIVE;
				CLANG_WARN_UNREACHABLE_CODE = YES;
				CLANG_WARN__DUPLICATE_METHOD_MATCH = YES;
				COPY_PHASE_STRIP = NO;
				DEBUG_INFORMATION_FORMAT = dwarf;
				ENABLE_STRICT_OBJC_MSGSEND = YES;
				ENABLE_TESTABILITY = YES;
				ENABLE_USER_SCRIPT_SANDBOXING = YES;
				GCC_C_LANGUAGE_STANDARD = gnu17;
				GCC_DYNAMIC_NO_PIC = NO;
				GCC_NO_COMMON_BLOCKS = YES;
				GCC_OPTIMIZATION_LEVEL = 0;
				GCC_PREPROCESSOR_DEFINITIONS = (
					"DEBUG=1",
					"$(inherited)",
				);
				GCC_WARN_64_TO_32_BIT_CONVERSION = YES;
				GCC_WARN_ABOUT_RETURN_TYPE = YES_ERROR;
				GCC_WARN_UNDECLARED_SELECTOR = YES;
				GCC_WARN_UNINITIALIZED_AUTOS = YES_AGGRESSIVE;
				GCC_WARN_UNUSED_FUNCTION = YES;
				GCC_WARN_UNUSED_VARIABLE = YES;
				LOCALIZATION_PREFERS_STRING_CATALOGS = YES;
				MTL_ENABLE_DEBUG_INFO = INCLUDE_SOURCE;
				MTL_FAST_MATH = YES;
				ONLY_ACTIVE_ARCH = YES;
				SWIFT_ACTIVE_COMPILATION_CONDITIONS = DEBUG;
				SWIFT_OPTIMIZATION_LEVEL = "-Onone";
			};
			name = Debug;
		};
		FF0000000000000000000002 /* Release */ = {
			isa = XCBuildConfiguration;
			buildSettings = {
				ALWAYS_SEARCH_USER_PATHS = NO;
				CLANG_ANALYZER_NONNULL = YES;
				CLANG_ANALYZER_NUMBER_OBJECT_CONVERSION = YES_AGGRESSIVE;
				CLANG_CXX_LANGUAGE_STANDARD = "gnu++20";
				CLANG_ENABLE_MODULES = YES;
				CLANG_ENABLE_OBJC_ARC = YES;
				CLANG_ENABLE_OBJC_WEAK = YES;
				CLANG_WARN_BLOCK_CAPTURE_AUTORELEASING = YES;
				CLANG_WARN_BOOL_CONVERSION = YES;
				CLANG_WARN_COMMA = YES;
				CLANG_WARN_CONSTANT_CONVERSION = YES;
				CLANG_WARN_DEPRECATED_OBJC_IMPLEMENTATIONS = YES;
				CLANG_WARN_DIRECT_OBJC_ISA_USAGE = YES_ERROR;
				CLANG_WARN_DOCUMENTATION_COMMENTS = YES;
				CLANG_WARN_EMPTY_BODY = YES;
				CLANG_WARN_ENUM_CONVERSION = YES;
				CLANG_WARN_INFINITE_RECURSION = YES;
				CLANG_WARN_INT_CONVERSION = YES;
				CLANG_WARN_NON_LITERAL_NULL_CONVERSION = YES;
				CLANG_WARN_OBJC_IMPLICIT_RETAIN_SELF = YES;
				CLANG_WARN_OBJC_LITERAL_CONVERSION = YES;
				CLANG_WARN_OBJC_ROOT_CLASS = YES_ERROR;
				CLANG_WARN_QUOTED_INCLUDE_IN_FRAMEWORK_HEADER = YES;
				CLANG_WARN_RANGE_LOOP_ANALYSIS = YES;
				CLANG_WARN_STRICT_PROTOTYPES = YES;
				CLANG_WARN_SUSPICIOUS_MOVE = YES;
				CLANG_WARN_UNGUARDED_AVAILABILITY = YES_AGGRESSIVE;
				CLANG_WARN_UNREACHABLE_CODE = YES;
				CLANG_WARN__DUPLICATE_METHOD_MATCH = YES;
				COPY_PHASE_STRIP = NO;
				DEBUG_INFORMATION_FORMAT = "dwarf-with-dsym";
				ENABLE_NS_ASSERTIONS = NO;
				ENABLE_STRICT_OBJC_MSGSEND = YES;
				ENABLE_USER_SCRIPT_SANDBOXING = YES;
				GCC_C_LANGUAGE_STANDARD = gnu17;
				GCC_NO_COMMON_BLOCKS = YES;
				GCC_WARN_64_TO_32_BIT_CONVERSION = YES;
				GCC_WARN_ABOUT_RETURN_TYPE = YES_ERROR;
				GCC_WARN_UNDECLARED_SELECTOR = YES;
				GCC_WARN_UNINITIALIZED_AUTOS = YES_AGGRESSIVE;
				GCC_WARN_UNUSED_FUNCTION = YES;
				GCC_WARN_UNUSED_VARIABLE = YES;
				LOCALIZATION_PREFERS_STRING_CATALOGS = YES;
				MTL_FAST_MATH = YES;
				SWIFT_COMPILATION_MODE = wholemodule;
				SWIFT_OPTIMIZATION_LEVEL = "-O";
			};
			name = Release;
		};
		FF0000000000000000000003 /* Debug */ = {
			isa = XCBuildConfiguration;
			buildSettings = {
				ASSETCATALOG_COMPILER_APPICON_NAME = AppIcon;
				ASSETCATALOG_COMPILER_GLOBAL_ACCENT_COLOR_NAME = AccentColor;
				CODE_SIGN_ENTITLEMENTS = Equilibrium/Equilibrium.entitlements;
				CODE_SIGN_STYLE = Automatic;
				CURRENT_PROJECT_VERSION = 1;
				DEVELOPMENT_TEAM = 38B9P235X4;
				ENABLE_PREVIEWS = YES;
				INFOPLIST_FILE = Equilibrium/Info.plist;
				IPHONEOS_DEPLOYMENT_TARGET = 17.0;
				MARKETING_VERSION = 1.0;
				PRODUCT_BUNDLE_IDENTIFIER = com.bowtie.equilibrium.app;
				PRODUCT_NAME = "$(TARGET_NAME)";
				SDKROOT = iphoneos;
				SUPPORTED_PLATFORMS = "iphoneos iphonesimulator";
				SUPPORTS_MACCATALYST = NO;
				SWIFT_EMIT_LOC_STRINGS = YES;
				SWIFT_VERSION = 5.0;
				TARGETED_DEVICE_FAMILY = "1,2";
			};
			name = Debug;
		};
		FF0000000000000000000004 /* Release */ = {
			isa = XCBuildConfiguration;
			buildSettings = {
				ASSETCATALOG_COMPILER_APPICON_NAME = AppIcon;
				ASSETCATALOG_COMPILER_GLOBAL_ACCENT_COLOR_NAME = AccentColor;
				CODE_SIGN_ENTITLEMENTS = Equilibrium/Equilibrium.entitlements;
				CODE_SIGN_STYLE = Automatic;
				CURRENT_PROJECT_VERSION = 1;
				DEVELOPMENT_TEAM = 38B9P235X4;
				ENABLE_PREVIEWS = YES;
				INFOPLIST_FILE = Equilibrium/Info.plist;
				IPHONEOS_DEPLOYMENT_TARGET = 17.0;
				MARKETING_VERSION = 1.0;
				PRODUCT_BUNDLE_IDENTIFIER = com.bowtie.equilibrium.app;
				PRODUCT_NAME = "$(TARGET_NAME)";
				SDKROOT = iphoneos;
				SUPPORTED_PLATFORMS = "iphoneos iphonesimulator";
				SUPPORTS_MACCATALYST = NO;
				SWIFT_EMIT_LOC_STRINGS = YES;
				SWIFT_VERSION = 5.0;
				TARGETED_DEVICE_FAMILY = "1,2";
			};
			name = Release;
		};
		FF0000000000000000000005 /* Debug */ = {
			isa = XCBuildConfiguration;
			buildSettings = {
				ASSETCATALOG_COMPILER_APPICON_NAME = AppIcon;
				ASSETCATALOG_COMPILER_GLOBAL_ACCENT_COLOR_NAME = AccentColor;
				CODE_SIGN_ENTITLEMENTS = "Equilibrium Watch App/Equilibrium Watch App.entitlements";
				CODE_SIGN_STYLE = Automatic;
				CURRENT_PROJECT_VERSION = 1;
				DEVELOPMENT_TEAM = 38B9P235X4;
				ENABLE_PREVIEWS = YES;
				GENERATE_INFOPLIST_FILE = YES;
				INFOPLIST_KEY_NSHealthShareUsageDescription = "Help us keep you on track with health data.";
				INFOPLIST_KEY_WKCompanionAppBundleIdentifier = com.bowtie.equilibrium.app;
				INFOPLIST_KEY_WKWatchOnly = NO;
				MARKETING_VERSION = 1.0;
				PRODUCT_BUNDLE_IDENTIFIER = com.bowtie.equilibrium.app.watchkitapp;
				PRODUCT_NAME = "$(TARGET_NAME)";
				SDKROOT = watchos;
				SKIP_INSTALL = YES;
				SUPPORTED_PLATFORMS = "watchos watchsimulator";
				SWIFT_EMIT_LOC_STRINGS = YES;
				SWIFT_VERSION = 5.0;
				WATCHOS_DEPLOYMENT_TARGET = 10.0;
			};
			name = Debug;
		};
		FF0000000000000000000006 /* Release */ = {
			isa = XCBuildConfiguration;
			buildSettings = {
				ASSETCATALOG_COMPILER_APPICON_NAME = AppIcon;
				ASSETCATALOG_COMPILER_GLOBAL_ACCENT_COLOR_NAME = AccentColor;
				CODE_SIGN_ENTITLEMENTS = "Equilibrium Watch App/Equilibrium Watch App.entitlements";
				CODE_SIGN_STYLE = Automatic;
				CURRENT_PROJECT_VERSION = 1;
				DEVELOPMENT_TEAM = 38B9P235X4;
				ENABLE_PREVIEWS = YES;
				GENERATE_INFOPLIST_FILE = YES;
				INFOPLIST_KEY_NSHealthShareUsageDescription = "Help us keep you on track with health data.";
				INFOPLIST_KEY_WKCompanionAppBundleIdentifier = com.bowtie.equilibrium.app;
				INFOPLIST_KEY_WKWatchOnly = NO;
				MARKETING_VERSION = 1.0;
				PRODUCT_BUNDLE_IDENTIFIER = com.bowtie.equilibrium.app.watchkitapp;
				PRODUCT_NAME = "$(TARGET_NAME)";
				SDKROOT = watchos;
				SKIP_INSTALL = YES;
				SUPPORTED_PLATFORMS = "watchos watchsimulator";
				SWIFT_EMIT_LOC_STRINGS = YES;
				SWIFT_VERSION = 5.0;
				WATCHOS_DEPLOYMENT_TARGET = 10.0;
			};
			name = Release;
		};
/* End XCBuildConfiguration section */

/* Begin XCConfigurationList section */
		GG0000000000000000000001 /* Build configuration list for PBXProject "Equilibrium" */ = {
			isa = XCConfigurationList;
			buildConfigurations = (
				FF0000000000000000000001 /* Debug */,
				FF0000000000000000000002 /* Release */,
			);
			defaultConfigurationIsVisible = 0;
			defaultConfigurationName = Release;
		};
		GG0000000000000000000002 /* Build configuration list for PBXNativeTarget "Equilibrium" */ = {
			isa = XCConfigurationList;
			buildConfigurations = (
				FF0000000000000000000003 /* Debug */,
				FF0000000000000000000004 /* Release */,
			);
			defaultConfigurationIsVisible = 0;
			defaultConfigurationName = Release;
		};
		GG0000000000000000000003 /* Build configuration list for PBXNativeTarget "Equilibrium Watch App" */ = {
			isa = XCConfigurationList;
			buildConfigurations = (
				FF0000000000000000000005 /* Debug */,
				FF0000000000000000000006 /* Release */,
			);
			defaultConfigurationIsVisible = 0;
			defaultConfigurationName = Release;
		};
/* End XCConfigurationList section */

/* Begin XCRemoteSwiftPackageReference section */
		SS0000000000000000000001 /* XCRemoteSwiftPackageReference "supabase-swift" */ = {
			isa = XCRemoteSwiftPackageReference;
			repositoryURL = "https://github.com/supabase/supabase-swift";
			requirement = {
				kind = upToNextMajorVersion;
				minimumVersion = 2.0.0;
			};
		};
/* End XCRemoteSwiftPackageReference section */

/* Begin XCSwiftPackageProductDependency section */
		SS0000000000000000000002 /* Supabase */ = {
			isa = XCSwiftPackageProductDependency;
			package = SS0000000000000000000001 /* XCRemoteSwiftPackageReference "supabase-swift" */;
			productName = Supabase;
		};
/* End XCSwiftPackageProductDependency section */
	};
	rootObject = PP0000000000000000000001 /* Project object */;
}
